
Microsoft Visual Studio Solution File, Format Version 12.00
# Visual Studio Version 17
VisualStudioVersion = 17.0.31903.59
MinimumVisualStudioVersion = 10.0.40219.1
Project("{2150E333-8FDC-42A3-9474-1A3956D46DE8}") = "src", "src", "{827E0CD3-B72D-47B6-A68D-7590B98EB39B}"
EndProject
Project("{2150E333-8FDC-42A3-9474-1A3956D46DE8}") = "Shared", "Shared", "{C8E42992-5E42-0C2B-DBFE-AA848D06431C}"
EndProject
Project("{FAE04EC0-301F-11D3-BF4B-00C04F79EFBC}") = "VenueBooking.SharedKernel", "src\Shared\VenueBooking.SharedKernel\VenueBooking.SharedKernel.csproj", "{B7BA3076-2CDE-4B76-B3E5-D732BF5DA98D}"
EndProject
Project("{2150E333-8FDC-42A3-9474-1A3956D46DE8}") = "Modules", "Modules", "{EC447DCF-ABFA-6E24-52A5-D7FD48A5C558}"
EndProject
Project("{2150E333-8FDC-42A3-9474-1A3956D46DE8}") = "Identity", "Identity", "{0EC62A1A-9858-3A60-8A0C-FC9AACFA2EC7}"
EndProject
Project("{FAE04EC0-301F-11D3-BF4B-00C04F79EFBC}") = "VenueBooking.Modules.Identity.Contracts", "src\Modules\Identity\VenueBooking.Modules.Identity.Contracts\VenueBooking.Modules.Identity.Contracts.csproj", "{049CD1F2-CFC1-4817-BE1F-12F844863DFE}"
EndProject
Project("{FAE04EC0-301F-11D3-BF4B-00C04F79EFBC}") = "VenueBooking.Modules.Identity", "src\Modules\Identity\VenueBooking.Modules.Identity\VenueBooking.Modules.Identity.csproj", "{2C97E878-A263-4708-B858-EA470FA4DCE8}"
EndProject
Project("{2150E333-8FDC-42A3-9474-1A3956D46DE8}") = "Venue", "Venue", "{CBB7CE68-12D5-22F9-689D-5F0B1E4992BC}"
EndProject
Project("{FAE04EC0-301F-11D3-BF4B-00C04F79EFBC}") = "VenueBooking.Modules.Venue.Contracts", "src\Modules\Venue\VenueBooking.Modules.Venue.Contracts\VenueBooking.Modules.Venue.Contracts.csproj", "{A33A8348-5122-430A-A025-7F45DF09B0BF}"
EndProject
Project("{FAE04EC0-301F-11D3-BF4B-00C04F79EFBC}") = "VenueBooking.Modules.Venue", "src\Modules\Venue\VenueBooking.Modules.Venue\VenueBooking.Modules.Venue.csproj", "{DB99EDD3-3CA4-4BCC-A39E-96F4509BFF99}"
EndProject
Project("{2150E333-8FDC-42A3-9474-1A3956D46DE8}") = "Event", "Event", "{8FAC901F-F246-4A25-967F-DC1D9DEAE1AF}"
EndProject
Project("{FAE04EC0-301F-11D3-BF4B-00C04F79EFBC}") = "VenueBooking.Modules.Event.Contracts", "src\Modules\Event\VenueBooking.Modules.Event.Contracts\VenueBooking.Modules.Event.Contracts.csproj", "{A866D4B9-EB43-47DD-BD12-F1ED94F25C37}"
EndProject
Project("{FAE04EC0-301F-11D3-BF4B-00C04F79EFBC}") = "VenueBooking.Modules.Event", "src\Modules\Event\VenueBooking.Modules.Event\VenueBooking.Modules.Event.csproj", "{534DDD68-C5F3-4E32-ABBA-6C6925D55AC9}"
EndProject
Project("{2150E333-8FDC-42A3-9474-1A3956D46DE8}") = "Layout", "Layout", "{F502475F-4439-47CB-AA96-FA48E3085BBA}"
EndProject
Project("{FAE04EC0-301F-11D3-BF4B-00C04F79EFBC}") = "VenueBooking.Modules.Layout.Contracts", "src\Modules\Layout\VenueBooking.Modules.Layout.Contracts\VenueBooking.Modules.Layout.Contracts.csproj", "{11F4856D-8417-49C6-BA25-D327F62E60A7}"
EndProject
Project("{FAE04EC0-301F-11D3-BF4B-00C04F79EFBC}") = "VenueBooking.Modules.Layout", "src\Modules\Layout\VenueBooking.Modules.Layout\VenueBooking.Modules.Layout.csproj", "{BE73B3ED-EF9E-43ED-BA1B-0C2208959EE1}"
EndProject
Project("{2150E333-8FDC-42A3-9474-1A3956D46DE8}") = "Scheduling", "Scheduling", "{F0F0C51C-F6A5-8ED5-E07B-23BB77F4B418}"
EndProject
Project("{FAE04EC0-301F-11D3-BF4B-00C04F79EFBC}") = "VenueBooking.Modules.Scheduling.Contracts", "src\Modules\Scheduling\VenueBooking.Modules.Scheduling.Contracts\VenueBooking.Modules.Scheduling.Contracts.csproj", "{CC84F8EA-3614-4E25-ACB0-7302C96C7DB9}"
EndProject
Project("{FAE04EC0-301F-11D3-BF4B-00C04F79EFBC}") = "VenueBooking.Modules.Scheduling", "src\Modules\Scheduling\VenueBooking.Modules.Scheduling\VenueBooking.Modules.Scheduling.csproj", "{A424D148-77EF-4D73-A9F7-1F090CA32162}"
EndProject
Project("{2150E333-8FDC-42A3-9474-1A3956D46DE8}") = "Booking", "Booking", "{FC0D8A46-3DC7-E91E-C357-28F70C4DB3C6}"
EndProject
Project("{FAE04EC0-301F-11D3-BF4B-00C04F79EFBC}") = "VenueBooking.Modules.Booking.Contracts", "src\Modules\Booking\VenueBooking.Modules.Booking.Contracts\VenueBooking.Modules.Booking.Contracts.csproj", "{536E3B0F-7C3D-4D8D-BA4C-D24E2857A313}"
EndProject
Project("{FAE04EC0-301F-11D3-BF4B-00C04F79EFBC}") = "VenueBooking.Modules.Booking", "src\Modules\Booking\VenueBooking.Modules.Booking\VenueBooking.Modules.Booking.csproj", "{C346115E-DBBA-4206-945C-A0226638F34B}"
EndProject
Project("{2150E333-8FDC-42A3-9474-1A3956D46DE8}") = "Payment", "Payment", "{486050DE-C6A4-B1E8-2B12-E91E5BE99E3F}"
EndProject
Project("{FAE04EC0-301F-11D3-BF4B-00C04F79EFBC}") = "VenueBooking.Modules.Payment.Contracts", "src\Modules\Payment\VenueBooking.Modules.Payment.Contracts\VenueBooking.Modules.Payment.Contracts.csproj", "{611E480C-7BFD-451C-B982-ACCE368892D4}"
EndProject
Project("{FAE04EC0-301F-11D3-BF4B-00C04F79EFBC}") = "VenueBooking.Modules.Payment", "src\Modules\Payment\VenueBooking.Modules.Payment\VenueBooking.Modules.Payment.csproj", "{46341CFA-E78A-46C4-8045-E4DC048CEE73}"
EndProject
Project("{2150E333-8FDC-42A3-9474-1A3956D46DE8}") = "Notification", "Notification", "{4F8133DB-A301-0A1E-3DDE-929E67CC9B96}"
EndProject
Project("{FAE04EC0-301F-11D3-BF4B-00C04F79EFBC}") = "VenueBooking.Modules.Notification.Contracts", "src\Modules\Notification\VenueBooking.Modules.Notification.Contracts\VenueBooking.Modules.Notification.Contracts.csproj", "{EBEE9484-E655-4440-847E-50056C326492}"
EndProject
Project("{FAE04EC0-301F-11D3-BF4B-00C04F79EFBC}") = "VenueBooking.Modules.Notification", "src\Modules\Notification\VenueBooking.Modules.Notification\VenueBooking.Modules.Notification.csproj", "{184024DD-E9B9-4504-AB07-13F71D6D1596}"
EndProject
Project("{2150E333-8FDC-42A3-9474-1A3956D46DE8}") = "Host", "Host", "{981C2CF6-E5BB-602A-511C-234B538302B0}"
EndProject
Project("{FAE04EC0-301F-11D3-BF4B-00C04F79EFBC}") = "VenueBooking.Api", "src\Host\VenueBooking.Api\VenueBooking.Api.csproj", "{BC8BB314-1A4E-4AAE-B000-DB5AB98C1BE1}"
EndProject
Project("{2150E333-8FDC-42A3-9474-1A3956D46DE8}") = "tests", "tests", "{0AB3BF05-4346-4AA6-1389-037BE0695223}"
EndProject
Project("{FAE04EC0-301F-11D3-BF4B-00C04F79EFBC}") = "VenueBooking.UnitTests", "tests\VenueBooking.UnitTests\VenueBooking.UnitTests.csproj", "{9C81A6A4-ED22-4234-B1DF-402D08778E88}"
EndProject
Project("{FAE04EC0-301F-11D3-BF4B-00C04F79EFBC}") = "VenueBooking.IntegrationTests", "tests\VenueBooking.IntegrationTests\VenueBooking.IntegrationTests.csproj", "{A25E68A7-47E7-4F7E-8210-01D129430F4C}"
EndProject
Project("{FAE04EC0-301F-11D3-BF4B-00C04F79EFBC}") = "VenueBooking.ArchitectureTests", "tests\VenueBooking.ArchitectureTests\VenueBooking.ArchitectureTests.csproj", "{E8FD2897-EE55-46A7-8E00-FFE869DD85F8}"
EndProject
Project("{2150E333-8FDC-42A3-9474-1A3956D46DE8}") = "clients", "clients", "{9123F88B-E531-3118-42D7-ED8CEF4BD00E}"
EndProject
Project("{2150E333-8FDC-42A3-9474-1A3956D46DE8}") = "mobile", "mobile", "{92E02AEA-C3B6-DF9B-BD3C-D94E8423B3BB}"
EndProject
Project("{FAE04EC0-301F-11D3-BF4B-00C04F79EFBC}") = "VenueBooking.Mobile", "clients\mobile\VenueBooking.Mobile\VenueBooking.Mobile.csproj", "{5B13ECAA-E455-4D82-827E-B5B4AAFDA8EC}"
EndProject
Global
	GlobalSection(SolutionConfigurationPlatforms) = preSolution
		Debug|Any CPU = Debug|Any CPU
		Debug|x64 = Debug|x64
		Debug|x86 = Debug|x86
		Release|Any CPU = Release|Any CPU
		Release|x64 = Release|x64
		Release|x86 = Release|x86
	EndGlobalSection
	GlobalSection(ProjectConfigurationPlatforms) = postSolution
		{B7BA3076-2CDE-4B76-B3E5-D732BF5DA98D}.Debug|Any CPU.ActiveCfg = Debug|Any CPU
		{B7BA3076-2CDE-4B76-B3E5-D732BF5DA98D}.Debug|Any CPU.Build.0 = Debug|Any CPU
		{B7BA3076-2CDE-4B76-B3E5-D732BF5DA98D}.Debug|x64.ActiveCfg = Debug|Any CPU
		{B7BA3076-2CDE-4B76-B3E5-D732BF5DA98D}.Debug|x64.Build.0 = Debug|Any CPU
		{B7BA3076-2CDE-4B76-B3E5-D732BF5DA98D}.Debug|x86.ActiveCfg = Debug|Any CPU
		{B7BA3076-2CDE-4B76-B3E5-D732BF5DA98D}.Debug|x86.Build.0 = Debug|Any CPU
		{B7BA3076-2CDE-4B76-B3E5-D732BF5DA98D}.Release|Any CPU.ActiveCfg = Release|Any CPU
		{B7BA3076-2CDE-4B76-B3E5-D732BF5DA98D}.Release|Any CPU.Build.0 = Release|Any CPU
		{B7BA3076-2CDE-4B76-B3E5-D732BF5DA98D}.Release|x64.ActiveCfg = Release|Any CPU
		{B7BA3076-2CDE-4B76-B3E5-D732BF5DA98D}.Release|x64.Build.0 = Release|Any CPU
		{B7BA3076-2CDE-4B76-B3E5-D732BF5DA98D}.Release|x86.ActiveCfg = Release|Any CPU
		{B7BA3076-2CDE-4B76-B3E5-D732BF5DA98D}.Release|x86.Build.0 = Release|Any CPU
		{049CD1F2-CFC1-4817-BE1F-12F844863DFE}.Debug|Any CPU.ActiveCfg = Debug|Any CPU
		{049CD1F2-CFC1-4817-BE1F-12F844863DFE}.Debug|Any CPU.Build.0 = Debug|Any CPU
		{049CD1F2-CFC1-4817-BE1F-12F844863DFE}.Debug|x64.ActiveCfg = Debug|Any CPU
		{049CD1F2-CFC1-4817-BE1F-12F844863DFE}.Debug|x64.Build.0 = Debug|Any CPU
		{049CD1F2-CFC1-4817-BE1F-12F844863DFE}.Debug|x86.ActiveCfg = Debug|Any CPU
		{049CD1F2-CFC1-4817-BE1F-12F844863DFE}.Debug|x86.Build.0 = Debug|Any CPU
		{049CD1F2-CFC1-4817-BE1F-12F844863DFE}.Release|Any CPU.ActiveCfg = Release|Any CPU
		{049CD1F2-CFC1-4817-BE1F-12F844863DFE}.Release|Any CPU.Build.0 = Release|Any CPU
		{049CD1F2-CFC1-4817-BE1F-12F844863DFE}.Release|x64.ActiveCfg = Release|Any CPU
		{049CD1F2-CFC1-4817-BE1F-12F844863DFE}.Release|x64.Build.0 = Release|Any CPU
		{049CD1F2-CFC1-4817-BE1F-12F844863DFE}.Release|x86.ActiveCfg = Release|Any CPU
		{049CD1F2-CFC1-4817-BE1F-12F844863DFE}.Release|x86.Build.0 = Release|Any CPU
		{2C97E878-A263-4708-B858-EA470FA4DCE8}.Debug|Any CPU.ActiveCfg = Debug|Any CPU
		{2C97E878-A263-4708-B858-EA470FA4DCE8}.Debug|Any CPU.Build.0 = Debug|Any CPU
		{2C97E878-A263-4708-B858-EA470FA4DCE8}.Debug|x64.ActiveCfg = Debug|Any CPU
		{2C97E878-A263-4708-B858-EA470FA4DCE8}.Debug|x64.Build.0 = Debug|Any CPU
		{2C97E878-A263-4708-B858-EA470FA4DCE8}.Debug|x86.ActiveCfg = Debug|Any CPU
		{2C97E878-A263-4708-B858-EA470FA4DCE8}.Debug|x86.Build.0 = Debug|Any CPU
		{2C97E878-A263-4708-B858-EA470FA4DCE8}.Release|Any CPU.ActiveCfg = Release|Any CPU
		{2C97E878-A263-4708-B858-EA470FA4DCE8}.Release|Any CPU.Build.0 = Release|Any CPU
		{2C97E878-A263-4708-B858-EA470FA4DCE8}.Release|x64.ActiveCfg = Release|Any CPU
		{2C97E878-A263-4708-B858-EA470FA4DCE8}.Release|x64.Build.0 = Release|Any CPU
		{2C97E878-A263-4708-B858-EA470FA4DCE8}.Release|x86.ActiveCfg = Release|Any CPU
		{2C97E878-A263-4708-B858-EA470FA4DCE8}.Release|x86.Build.0 = Release|Any CPU
		{A33A8348-5122-430A-A025-7F45DF09B0BF}.Debug|Any CPU.ActiveCfg = Debug|Any CPU
		{A33A8348-5122-430A-A025-7F45DF09B0BF}.Debug|Any CPU.Build.0 = Debug|Any CPU
		{A33A8348-5122-430A-A025-7F45DF09B0BF}.Debug|x64.ActiveCfg = Debug|Any CPU
		{A33A8348-5122-430A-A025-7F45DF09B0BF}.Debug|x64.Build.0 = Debug|Any CPU
		{A33A8348-5122-430A-A025-7F45DF09B0BF}.Debug|x86.ActiveCfg = Debug|Any CPU
		{A33A8348-5122-430A-A025-7F45DF09B0BF}.Debug|x86.Build.0 = Debug|Any CPU
		{A33A8348-5122-430A-A025-7F45DF09B0BF}.Release|Any CPU.ActiveCfg = Release|Any CPU
		{A33A8348-5122-430A-A025-7F45DF09B0BF}.Release|Any CPU.Build.0 = Release|Any CPU
		{A33A8348-5122-430A-A025-7F45DF09B0BF}.Release|x64.ActiveCfg = Release|Any CPU
		{A33A8348-5122-430A-A025-7F45DF09B0BF}.Release|x64.Build.0 = Release|Any CPU
		{A33A8348-5122-430A-A025-7F45DF09B0BF}.Release|x86.ActiveCfg = Release|Any CPU
		{A33A8348-5122-430A-A025-7F45DF09B0BF}.Release|x86.Build.0 = Release|Any CPU
		{DB99EDD3-3CA4-4BCC-A39E-96F4509BFF99}.Debug|Any CPU.ActiveCfg = Debug|Any CPU
		{DB99EDD3-3CA4-4BCC-A39E-96F4509BFF99}.Debug|Any CPU.Build.0 = Debug|Any CPU
		{DB99EDD3-3CA4-4BCC-A39E-96F4509BFF99}.Debug|x64.ActiveCfg = Debug|Any CPU
		{DB99EDD3-3CA4-4BCC-A39E-96F4509BFF99}.Debug|x64.Build.0 = Debug|Any CPU
		{DB99EDD3-3CA4-4BCC-A39E-96F4509BFF99}.Debug|x86.ActiveCfg = Debug|Any CPU
		{DB99EDD3-3CA4-4BCC-A39E-96F4509BFF99}.Debug|x86.Build.0 = Debug|Any CPU
		{DB99EDD3-3CA4-4BCC-A39E-96F4509BFF99}.Release|Any CPU.ActiveCfg = Release|Any CPU
		{DB99EDD3-3CA4-4BCC-A39E-96F4509BFF99}.Release|Any CPU.Build.0 = Release|Any CPU
		{DB99EDD3-3CA4-4BCC-A39E-96F4509BFF99}.Release|x64.ActiveCfg = Release|Any CPU
		{DB99EDD3-3CA4-4BCC-A39E-96F4509BFF99}.Release|x64.Build.0 = Release|Any CPU
		{DB99EDD3-3CA4-4BCC-A39E-96F4509BFF99}.Release|x86.ActiveCfg = Release|Any CPU
		{DB99EDD3-3CA4-4BCC-A39E-96F4509BFF99}.Release|x86.Build.0 = Release|Any CPU
		{A866D4B9-EB43-47DD-BD12-F1ED94F25C37}.Debug|Any CPU.ActiveCfg = Debug|Any CPU
		{A866D4B9-EB43-47DD-BD12-F1ED94F25C37}.Debug|Any CPU.Build.0 = Debug|Any CPU
		{A866D4B9-EB43-47DD-BD12-F1ED94F25C37}.Debug|x64.ActiveCfg = Debug|Any CPU
		{A866D4B9-EB43-47DD-BD12-F1ED94F25C37}.Debug|x64.Build.0 = Debug|Any CPU
		{A866D4B9-EB43-47DD-BD12-F1ED94F25C37}.Debug|x86.ActiveCfg = Debug|Any CPU
		{A866D4B9-EB43-47DD-BD12-F1ED94F25C37}.Debug|x86.Build.0 = Debug|Any CPU
		{A866D4B9-EB43-47DD-BD12-F1ED94F25C37}.Release|Any CPU.ActiveCfg = Release|Any CPU
		{A866D4B9-EB43-47DD-BD12-F1ED94F25C37}.Release|Any CPU.Build.0 = Release|Any CPU
		{A866D4B9-EB43-47DD-BD12-F1ED94F25C37}.Release|x64.ActiveCfg = Release|Any CPU
		{A866D4B9-EB43-47DD-BD12-F1ED94F25C37}.Release|x64.Build.0 = Release|Any CPU
		{A866D4B9-EB43-47DD-BD12-F1ED94F25C37}.Release|x86.ActiveCfg = Release|Any CPU
		{A866D4B9-EB43-47DD-BD12-F1ED94F25C37}.Release|x86.Build.0 = Release|Any CPU
		{534DDD68-C5F3-4E32-ABBA-6C6925D55AC9}.Debug|Any CPU.ActiveCfg = Debug|Any CPU
		{534DDD68-C5F3-4E32-ABBA-6C6925D55AC9}.Debug|Any CPU.Build.0 = Debug|Any CPU
		{534DDD68-C5F3-4E32-ABBA-6C6925D55AC9}.Debug|x64.ActiveCfg = Debug|Any CPU
		{534DDD68-C5F3-4E32-ABBA-6C6925D55AC9}.Debug|x64.Build.0 = Debug|Any CPU
		{534DDD68-C5F3-4E32-ABBA-6C6925D55AC9}.Debug|x86.ActiveCfg = Debug|Any CPU
		{534DDD68-C5F3-4E32-ABBA-6C6925D55AC9}.Debug|x86.Build.0 = Debug|Any CPU
		{534DDD68-C5F3-4E32-ABBA-6C6925D55AC9}.Release|Any CPU.ActiveCfg = Release|Any CPU
		{534DDD68-C5F3-4E32-ABBA-6C6925D55AC9}.Release|Any CPU.Build.0 = Release|Any CPU
		{534DDD68-C5F3-4E32-ABBA-6C6925D55AC9}.Release|x64.ActiveCfg = Release|Any CPU
		{534DDD68-C5F3-4E32-ABBA-6C6925D55AC9}.Release|x64.Build.0 = Release|Any CPU
		{534DDD68-C5F3-4E32-ABBA-6C6925D55AC9}.Release|x86.ActiveCfg = Release|Any CPU
		{534DDD68-C5F3-4E32-ABBA-6C6925D55AC9}.Release|x86.Build.0 = Release|Any CPU
		{11F4856D-8417-49C6-BA25-D327F62E60A7}.Debug|Any CPU.ActiveCfg = Debug|Any CPU
		{11F4856D-8417-49C6-BA25-D327F62E60A7}.Debug|Any CPU.Build.0 = Debug|Any CPU
		{11F4856D-8417-49C6-BA25-D327F62E60A7}.Debug|x64.ActiveCfg = Debug|Any CPU
		{11F4856D-8417-49C6-BA25-D327F62E60A7}.Debug|x64.Build.0 = Debug|Any CPU
		{11F4856D-8417-49C6-BA25-D327F62E60A7}.Debug|x86.ActiveCfg = Debug|Any CPU
		{11F4856D-8417-49C6-BA25-D327F62E60A7}.Debug|x86.Build.0 = Debug|Any CPU
		{11F4856D-8417-49C6-BA25-D327F62E60A7}.Release|Any CPU.ActiveCfg = Release|Any CPU
		{11F4856D-8417-49C6-BA25-D327F62E60A7}.Release|Any CPU.Build.0 = Release|Any CPU
		{11F4856D-8417-49C6-BA25-D327F62E60A7}.Release|x64.ActiveCfg = Release|Any CPU
		{11F4856D-8417-49C6-BA25-D327F62E60A7}.Release|x64.Build.0 = Release|Any CPU
		{11F4856D-8417-49C6-BA25-D327F62E60A7}.Release|x86.ActiveCfg = Release|Any CPU
		{11F4856D-8417-49C6-BA25-D327F62E60A7}.Release|x86.Build.0 = Release|Any CPU
		{BE73B3ED-EF9E-43ED-BA1B-0C2208959EE1}.Debug|Any CPU.ActiveCfg = Debug|Any CPU
		{BE73B3ED-EF9E-43ED-BA1B-0C2208959EE1}.Debug|Any CPU.Build.0 = Debug|Any CPU
		{BE73B3ED-EF9E-43ED-BA1B-0C2208959EE1}.Debug|x64.ActiveCfg = Debug|Any CPU
		{BE73B3ED-EF9E-43ED-BA1B-0C2208959EE1}.Debug|x64.Build.0 = Debug|Any CPU
		{BE73B3ED-EF9E-43ED-BA1B-0C2208959EE1}.Debug|x86.ActiveCfg = Debug|Any CPU
		{BE73B3ED-EF9E-43ED-BA1B-0C2208959EE1}.Debug|x86.Build.0 = Debug|Any CPU
		{BE73B3ED-EF9E-43ED-BA1B-0C2208959EE1}.Release|Any CPU.ActiveCfg = Release|Any CPU
		{BE73B3ED-EF9E-43ED-BA1B-0C2208959EE1}.Release|Any CPU.Build.0 = Release|Any CPU
		{BE73B3ED-EF9E-43ED-BA1B-0C2208959EE1}.Release|x64.ActiveCfg = Release|Any CPU
		{BE73B3ED-EF9E-43ED-BA1B-0C2208959EE1}.Release|x64.Build.0 = Release|Any CPU
		{BE73B3ED-EF9E-43ED-BA1B-0C2208959EE1}.Release|x86.ActiveCfg = Release|Any CPU
		{BE73B3ED-EF9E-43ED-BA1B-0C2208959EE1}.Release|x86.Build.0 = Release|Any CPU
		{CC84F8EA-3614-4E25-ACB0-7302C96C7DB9}.Debug|Any CPU.ActiveCfg = Debug|Any CPU
		{CC84F8EA-3614-4E25-ACB0-7302C96C7DB9}.Debug|Any CPU.Build.0 = Debug|Any CPU
		{CC84F8EA-3614-4E25-ACB0-7302C96C7DB9}.Debug|x64.ActiveCfg = Debug|Any CPU
		{CC84F8EA-3614-4E25-ACB0-7302C96C7DB9}.Debug|x64.Build.0 = Debug|Any CPU
		{CC84F8EA-3614-4E25-ACB0-7302C96C7DB9}.Debug|x86.ActiveCfg = Debug|Any CPU
		{CC84F8EA-3614-4E25-ACB0-7302C96C7DB9}.Debug|x86.Build.0 = Debug|Any CPU
		{CC84F8EA-3614-4E25-ACB0-7302C96C7DB9}.Release|Any CPU.ActiveCfg = Release|Any CPU
		{CC84F8EA-3614-4E25-ACB0-7302C96C7DB9}.Release|Any CPU.Build.0 = Release|Any CPU
		{CC84F8EA-3614-4E25-ACB0-7302C96C7DB9}.Release|x64.ActiveCfg = Release|Any CPU
		{CC84F8EA-3614-4E25-ACB0-7302C96C7DB9}.Release|x64.Build.0 = Release|Any CPU
		{CC84F8EA-3614-4E25-ACB0-7302C96C7DB9}.Release|x86.ActiveCfg = Release|Any CPU
		{CC84F8EA-3614-4E25-ACB0-7302C96C7DB9}.Release|x86.Build.0 = Release|Any CPU
		{A424D148-77EF-4D73-A9F7-1F090CA32162}.Debug|Any CPU.ActiveCfg = Debug|Any CPU
		{A424D148-77EF-4D73-A9F7-1F090CA32162}.Debug|Any CPU.Build.0 = Debug|Any CPU
		{A424D148-77EF-4D73-A9F7-1F090CA32162}.Debug|x64.ActiveCfg = Debug|Any CPU
		{A424D148-77EF-4D73-A9F7-1F090CA32162}.Debug|x64.Build.0 = Debug|Any CPU
		{A424D148-77EF-4D73-A9F7-1F090CA32162}.Debug|x86.ActiveCfg = Debug|Any CPU
		{A424D148-77EF-4D73-A9F7-1F090CA32162}.Debug|x86.Build.0 = Debug|Any CPU
		{A424D148-77EF-4D73-A9F7-1F090CA32162}.Release|Any CPU.ActiveCfg = Release|Any CPU
		{A424D148-77EF-4D73-A9F7-1F090CA32162}.Release|Any CPU.Build.0 = Release|Any CPU
		{A424D148-77EF-4D73-A9F7-1F090CA32162}.Release|x64.ActiveCfg = Release|Any CPU
		{A424D148-77EF-4D73-A9F7-1F090CA32162}.Release|x64.Build.0 = Release|Any CPU
		{A424D148-77EF-4D73-A9F7-1F090CA32162}.Release|x86.ActiveCfg = Release|Any CPU
		{A424D148-77EF-4D73-A9F7-1F090CA32162}.Release|x86.Build.0 = Release|Any CPU
		{536E3B0F-7C3D-4D8D-BA4C-D24E2857A313}.Debug|Any CPU.ActiveCfg = Debug|Any CPU
		{536E3B0F-7C3D-4D8D-BA4C-D24E2857A313}.Debug|Any CPU.Build.0 = Debug|Any CPU
		{536E3B0F-7C3D-4D8D-BA4C-D24E2857A313}.Debug|x64.ActiveCfg = Debug|Any CPU
		{536E3B0F-7C3D-4D8D-BA4C-D24E2857A313}.Debug|x64.Build.0 = Debug|Any CPU
		{536E3B0F-7C3D-4D8D-BA4C-D24E2857A313}.Debug|x86.ActiveCfg = Debug|Any CPU
		{536E3B0F-7C3D-4D8D-BA4C-D24E2857A313}.Debug|x86.Build.0 = Debug|Any CPU
		{536E3B0F-7C3D-4D8D-BA4C-D24E2857A313}.Release|Any CPU.ActiveCfg = Release|Any CPU
		{536E3B0F-7C3D-4D8D-BA4C-D24E2857A313}.Release|Any CPU.Build.0 = Release|Any CPU
		{536E3B0F-7C3D-4D8D-BA4C-D24E2857A313}.Release|x64.ActiveCfg = Release|Any CPU
		{536E3B0F-7C3D-4D8D-BA4C-D24E2857A313}.Release|x64.Build.0 = Release|Any CPU
		{536E3B0F-7C3D-4D8D-BA4C-D24E2857A313}.Release|x86.ActiveCfg = Release|Any CPU
		{536E3B0F-7C3D-4D8D-BA4C-D24E2857A313}.Release|x86.Build.0 = Release|Any CPU
		{C346115E-DBBA-4206-945C-A0226638F34B}.Debug|Any CPU.ActiveCfg = Debug|Any CPU
		{C346115E-DBBA-4206-945C-A0226638F34B}.Debug|Any CPU.Build.0 = Debug|Any CPU
		{C346115E-DBBA-4206-945C-A0226638F34B}.Debug|x64.ActiveCfg = Debug|Any CPU
		{C346115E-DBBA-4206-945C-A0226638F34B}.Debug|x64.Build.0 = Debug|Any CPU
		{C346115E-DBBA-4206-945C-A0226638F34B}.Debug|x86.ActiveCfg = Debug|Any CPU
		{C346115E-DBBA-4206-945C-A0226638F34B}.Debug|x86.Build.0 = Debug|Any CPU
		{C346115E-DBBA-4206-945C-A0226638F34B}.Release|Any CPU.ActiveCfg = Release|Any CPU
		{C346115E-DBBA-4206-945C-A0226638F34B}.Release|Any CPU.Build.0 = Release|Any CPU
		{C346115E-DBBA-4206-945C-A0226638F34B}.Release|x64.ActiveCfg = Release|Any CPU
		{C346115E-DBBA-4206-945C-A0226638F34B}.Release|x64.Build.0 = Release|Any CPU
		{C346115E-DBBA-4206-945C-A0226638F34B}.Release|x86.ActiveCfg = Release|Any CPU
		{C346115E-DBBA-4206-945C-A0226638F34B}.Release|x86.Build.0 = Release|Any CPU
		{611E480C-7BFD-451C-B982-ACCE368892D4}.Debug|Any CPU.ActiveCfg = Debug|Any CPU
		{611E480C-7BFD-451C-B982-ACCE368892D4}.Debug|Any CPU.Build.0 = Debug|Any CPU
		{611E480C-7BFD-451C-B982-ACCE368892D4}.Debug|x64.ActiveCfg = Debug|Any CPU
		{611E480C-7BFD-451C-B982-ACCE368892D4}.Debug|x64.Build.0 = Debug|Any CPU
		{611E480C-7BFD-451C-B982-ACCE368892D4}.Debug|x86.ActiveCfg = Debug|Any CPU
		{611E480C-7BFD-451C-B982-ACCE368892D4}.Debug|x86.Build.0 = Debug|Any CPU
		{611E480C-7BFD-451C-B982-ACCE368892D4}.Release|Any CPU.ActiveCfg = Release|Any CPU
		{611E480C-7BFD-451C-B982-ACCE368892D4}.Release|Any CPU.Build.0 = Release|Any CPU
		{611E480C-7BFD-451C-B982-ACCE368892D4}.Release|x64.ActiveCfg = Release|Any CPU
		{611E480C-7BFD-451C-B982-ACCE368892D4}.Release|x64.Build.0 = Release|Any CPU
		{611E480C-7BFD-451C-B982-ACCE368892D4}.Release|x86.ActiveCfg = Release|Any CPU
		{611E480C-7BFD-451C-B982-ACCE368892D4}.Release|x86.Build.0 = Release|Any CPU
		{46341CFA-E78A-46C4-8045-E4DC048CEE73}.Debug|Any CPU.ActiveCfg = Debug|Any CPU
		{46341CFA-E78A-46C4-8045-E4DC048CEE73}.Debug|Any CPU.Build.0 = Debug|Any CPU
		{46341CFA-E78A-46C4-8045-E4DC048CEE73}.Debug|x64.ActiveCfg = Debug|Any CPU
		{46341CFA-E78A-46C4-8045-E4DC048CEE73}.Debug|x64.Build.0 = Debug|Any CPU
		{46341CFA-E78A-46C4-8045-E4DC048CEE73}.Debug|x86.ActiveCfg = Debug|Any CPU
		{46341CFA-E78A-46C4-8045-E4DC048CEE73}.Debug|x86.Build.0 = Debug|Any CPU
		{46341CFA-E78A-46C4-8045-E4DC048CEE73}.Release|Any CPU.ActiveCfg = Release|Any CPU
		{46341CFA-E78A-46C4-8045-E4DC048CEE73}.Release|Any CPU.Build.0 = Release|Any CPU
		{46341CFA-E78A-46C4-8045-E4DC048CEE73}.Release|x64.ActiveCfg = Release|Any CPU
		{46341CFA-E78A-46C4-8045-E4DC048CEE73}.Release|x64.Build.0 = Release|Any CPU
		{46341CFA-E78A-46C4-8045-E4DC048CEE73}.Release|x86.ActiveCfg = Release|Any CPU
		{46341CFA-E78A-46C4-8045-E4DC048CEE73}.Release|x86.Build.0 = Release|Any CPU
		{EBEE9484-E655-4440-847E-50056C326492}.Debug|Any CPU.ActiveCfg = Debug|Any CPU
		{EBEE9484-E655-4440-847E-50056C326492}.Debug|Any CPU.Build.0 = Debug|Any CPU
		{EBEE9484-E655-4440-847E-50056C326492}.Debug|x64.ActiveCfg = Debug|Any CPU
		{EBEE9484-E655-4440-847E-50056C326492}.Debug|x64.Build.0 = Debug|Any CPU
		{EBEE9484-E655-4440-847E-50056C326492}.Debug|x86.ActiveCfg = Debug|Any CPU
		{EBEE9484-E655-4440-847E-50056C326492}.Debug|x86.Build.0 = Debug|Any CPU
		{EBEE9484-E655-4440-847E-50056C326492}.Release|Any CPU.ActiveCfg = Release|Any CPU
		{EBEE9484-E655-4440-847E-50056C326492}.Release|Any CPU.Build.0 = Release|Any CPU
		{EBEE9484-E655-4440-847E-50056C326492}.Release|x64.ActiveCfg = Release|Any CPU
		{EBEE9484-E655-4440-847E-50056C326492}.Release|x64.Build.0 = Release|Any CPU
		{EBEE9484-E655-4440-847E-50056C326492}.Release|x86.ActiveCfg = Release|Any CPU
		{EBEE9484-E655-4440-847E-50056C326492}.Release|x86.Build.0 = Release|Any CPU
		{184024DD-E9B9-4504-AB07-13F71D6D1596}.Debug|Any CPU.ActiveCfg = Debug|Any CPU
		{184024DD-E9B9-4504-AB07-13F71D6D1596}.Debug|Any CPU.Build.0 = Debug|Any CPU
		{184024DD-E9B9-4504-AB07-13F71D6D1596}.Debug|x64.ActiveCfg = Debug|Any CPU
		{184024DD-E9B9-4504-AB07-13F71D6D1596}.Debug|x64.Build.0 = Debug|Any CPU
		{184024DD-E9B9-4504-AB07-13F71D6D1596}.Debug|x86.ActiveCfg = Debug|Any CPU
		{184024DD-E9B9-4504-AB07-13F71D6D1596}.Debug|x86.Build.0 = Debug|Any CPU
		{184024DD-E9B9-4504-AB07-13F71D6D1596}.Release|Any CPU.ActiveCfg = Release|Any CPU
		{184024DD-E9B9-4504-AB07-13F71D6D1596}.Release|Any CPU.Build.0 = Release|Any CPU
		{184024DD-E9B9-4504-AB07-13F71D6D1596}.Release|x64.ActiveCfg = Release|Any CPU
		{184024DD-E9B9-4504-AB07-13F71D6D1596}.Release|x64.Build.0 = Release|Any CPU
		{184024DD-E9B9-4504-AB07-13F71D6D1596}.Release|x86.ActiveCfg = Release|Any CPU
		{184024DD-E9B9-4504-AB07-13F71D6D1596}.Release|x86.Build.0 = Release|Any CPU
		{BC8BB314-1A4E-4AAE-B000-DB5AB98C1BE1}.Debug|Any CPU.ActiveCfg = Debug|Any CPU
		{BC8BB314-1A4E-4AAE-B000-DB5AB98C1BE1}.Debug|Any CPU.Build.0 = Debug|Any CPU
		{BC8BB314-1A4E-4AAE-B000-DB5AB98C1BE1}.Debug|x64.ActiveCfg = Debug|Any CPU
		{BC8BB314-1A4E-4AAE-B000-DB5AB98C1BE1}.Debug|x64.Build.0 = Debug|Any CPU
		{BC8BB314-1A4E-4AAE-B000-DB5AB98C1BE1}.Debug|x86.ActiveCfg = Debug|Any CPU
		{BC8BB314-1A4E-4AAE-B000-DB5AB98C1BE1}.Debug|x86.Build.0 = Debug|Any CPU
		{BC8BB314-1A4E-4AAE-B000-DB5AB98C1BE1}.Release|Any CPU.ActiveCfg = Release|Any CPU
		{BC8BB314-1A4E-4AAE-B000-DB5AB98C1BE1}.Release|Any CPU.Build.0 = Release|Any CPU
		{BC8BB314-1A4E-4AAE-B000-DB5AB98C1BE1}.Release|x64.ActiveCfg = Release|Any CPU
		{BC8BB314-1A4E-4AAE-B000-DB5AB98C1BE1}.Release|x64.Build.0 = Release|Any CPU
		{BC8BB314-1A4E-4AAE-B000-DB5AB98C1BE1}.Release|x86.ActiveCfg = Release|Any CPU
		{BC8BB314-1A4E-4AAE-B000-DB5AB98C1BE1}.Release|x86.Build.0 = Release|Any CPU
		{9C81A6A4-ED22-4234-B1DF-402D08778E88}.Debug|Any CPU.ActiveCfg = Debug|Any CPU
		{9C81A6A4-ED22-4234-B1DF-402D08778E88}.Debug|Any CPU.Build.0 = Debug|Any CPU
		{9C81A6A4-ED22-4234-B1DF-402D08778E88}.Debug|x64.ActiveCfg = Debug|Any CPU
		{9C81A6A4-ED22-4234-B1DF-402D08778E88}.Debug|x64.Build.0 = Debug|Any CPU
		{9C81A6A4-ED22-4234-B1DF-402D08778E88}.Debug|x86.ActiveCfg = Debug|Any CPU
		{9C81A6A4-ED22-4234-B1DF-402D08778E88}.Debug|x86.Build.0 = Debug|Any CPU
		{9C81A6A4-ED22-4234-B1DF-402D08778E88}.Release|Any CPU.ActiveCfg = Release|Any CPU
		{9C81A6A4-ED22-4234-B1DF-402D08778E88}.Release|Any CPU.Build.0 = Release|Any CPU
		{9C81A6A4-ED22-4234-B1DF-402D08778E88}.Release|x64.ActiveCfg = Release|Any CPU
		{9C81A6A4-ED22-4234-B1DF-402D08778E88}.Release|x64.Build.0 = Release|Any CPU
		{9C81A6A4-ED22-4234-B1DF-402D08778E88}.Release|x86.ActiveCfg = Release|Any CPU
		{9C81A6A4-ED22-4234-B1DF-402D08778E88}.Release|x86.Build.0 = Release|Any CPU
		{A25E68A7-47E7-4F7E-8210-01D129430F4C}.Debug|Any CPU.ActiveCfg = Debug|Any CPU
		{A25E68A7-47E7-4F7E-8210-01D129430F4C}.Debug|Any CPU.Build.0 = Debug|Any CPU
		{A25E68A7-47E7-4F7E-8210-01D129430F4C}.Debug|x64.ActiveCfg = Debug|Any CPU
		{A25E68A7-47E7-4F7E-8210-01D129430F4C}.Debug|x64.Build.0 = Debug|Any CPU
		{A25E68A7-47E7-4F7E-8210-01D129430F4C}.Debug|x86.ActiveCfg = Debug|Any CPU
		{A25E68A7-47E7-4F7E-8210-01D129430F4C}.Debug|x86.Build.0 = Debug|Any CPU
		{A25E68A7-47E7-4F7E-8210-01D129430F4C}.Release|Any CPU.ActiveCfg = Release|Any CPU
		{A25E68A7-47E7-4F7E-8210-01D129430F4C}.Release|Any CPU.Build.0 = Release|Any CPU
		{A25E68A7-47E7-4F7E-8210-01D129430F4C}.Release|x64.ActiveCfg = Release|Any CPU
		{A25E68A7-47E7-4F7E-8210-01D129430F4C}.Release|x64.Build.0 = Release|Any CPU
		{A25E68A7-47E7-4F7E-8210-01D129430F4C}.Release|x86.ActiveCfg = Release|Any CPU
		{A25E68A7-47E7-4F7E-8210-01D129430F4C}.Release|x86.Build.0 = Release|Any CPU
		{E8FD2897-EE55-46A7-8E00-FFE869DD85F8}.Debug|Any CPU.ActiveCfg = Debug|Any CPU
		{E8FD2897-EE55-46A7-8E00-FFE869DD85F8}.Debug|Any CPU.Build.0 = Debug|Any CPU
		{E8FD2897-EE55-46A7-8E00-FFE869DD85F8}.Debug|x64.ActiveCfg = Debug|Any CPU
		{E8FD2897-EE55-46A7-8E00-FFE869DD85F8}.Debug|x64.Build.0 = Debug|Any CPU
		{E8FD2897-EE55-46A7-8E00-FFE869DD85F8}.Debug|x86.ActiveCfg = Debug|Any CPU
		{E8FD2897-EE55-46A7-8E00-FFE869DD85F8}.Debug|x86.Build.0 = Debug|Any CPU
		{E8FD2897-EE55-46A7-8E00-FFE869DD85F8}.Release|Any CPU.ActiveCfg = Release|Any CPU
		{E8FD2897-EE55-46A7-8E00-FFE869DD85F8}.Release|Any CPU.Build.0 = Release|Any CPU
		{E8FD2897-EE55-46A7-8E00-FFE869DD85F8}.Release|x64.ActiveCfg = Release|Any CPU
		{E8FD2897-EE55-46A7-8E00-FFE869DD85F8}.Release|x64.Build.0 = Release|Any CPU
		{E8FD2897-EE55-46A7-8E00-FFE869DD85F8}.Release|x86.ActiveCfg = Release|Any CPU
		{E8FD2897-EE55-46A7-8E00-FFE869DD85F8}.Release|x86.Build.0 = Release|Any CPU
		{5B13ECAA-E455-4D82-827E-B5B4AAFDA8EC}.Debug|Any CPU.ActiveCfg = Debug|Any CPU
		{5B13ECAA-E455-4D82-827E-B5B4AAFDA8EC}.Debug|Any CPU.Build.0 = Debug|Any CPU
		{5B13ECAA-E455-4D82-827E-B5B4AAFDA8EC}.Debug|x64.ActiveCfg = Debug|Any CPU
		{5B13ECAA-E455-4D82-827E-B5B4AAFDA8EC}.Debug|x64.Build.0 = Debug|Any CPU
		{5B13ECAA-E455-4D82-827E-B5B4AAFDA8EC}.Debug|x86.ActiveCfg = Debug|Any CPU
		{5B13ECAA-E455-4D82-827E-B5B4AAFDA8EC}.Debug|x86.Build.0 = Debug|Any CPU
		{5B13ECAA-E455-4D82-827E-B5B4AAFDA8EC}.Release|Any CPU.ActiveCfg = Release|Any CPU
		{5B13ECAA-E455-4D82-827E-B5B4AAFDA8EC}.Release|Any CPU.Build.0 = Release|Any CPU
		{5B13ECAA-E455-4D82-827E-B5B4AAFDA8EC}.Release|x64.ActiveCfg = Release|Any CPU
		{5B13ECAA-E455-4D82-827E-B5B4AAFDA8EC}.Release|x64.Build.0 = Release|Any CPU
		{5B13ECAA-E455-4D82-827E-B5B4AAFDA8EC}.Release|x86.ActiveCfg = Release|Any CPU
		{5B13ECAA-E455-4D82-827E-B5B4AAFDA8EC}.Release|x86.Build.0 = Release|Any CPU
	EndGlobalSection
	GlobalSection(SolutionProperties) = preSolution
		HideSolutionNode = FALSE
	EndGlobalSection
	GlobalSection(NestedProjects) = preSolution
		{C8E42992-5E42-0C2B-DBFE-AA848D06431C} = {827E0CD3-B72D-47B6-A68D-7590B98EB39B}
		{B7BA3076-2CDE-4B76-B3E5-D732BF5DA98D} = {C8E42992-5E42-0C2B-DBFE-AA848D06431C}
		{EC447DCF-ABFA-6E24-52A5-D7FD48A5C558} = {827E0CD3-B72D-47B6-A68D-7590B98EB39B}
		{0EC62A1A-9858-3A60-8A0C-FC9AACFA2EC7} = {EC447DCF-ABFA-6E24-52A5-D7FD48A5C558}
		{049CD1F2-CFC1-4817-BE1F-12F844863DFE} = {0EC62A1A-9858-3A60-8A0C-FC9AACFA2EC7}
		{2C97E878-A263-4708-B858-EA470FA4DCE8} = {0EC62A1A-9858-3A60-8A0C-FC9AACFA2EC7}
		{CBB7CE68-12D5-22F9-689D-5F0B1E4992BC} = {EC447DCF-ABFA-6E24-52A5-D7FD48A5C558}
		{A33A8348-5122-430A-A025-7F45DF09B0BF} = {CBB7CE68-12D5-22F9-689D-5F0B1E4992BC}
		{DB99EDD3-3CA4-4BCC-A39E-96F4509BFF99} = {CBB7CE68-12D5-22F9-689D-5F0B1E4992BC}
		{8FAC901F-F246-4A25-967F-DC1D9DEAE1AF} = {EC447DCF-ABFA-6E24-52A5-D7FD48A5C558}
		{A866D4B9-EB43-47DD-BD12-F1ED94F25C37} = {8FAC901F-F246-4A25-967F-DC1D9DEAE1AF}
		{534DDD68-C5F3-4E32-ABBA-6C6925D55AC9} = {8FAC901F-F246-4A25-967F-DC1D9DEAE1AF}
		{F502475F-4439-47CB-AA96-FA48E3085BBA} = {EC447DCF-ABFA-6E24-52A5-D7FD48A5C558}
		{11F4856D-8417-49C6-BA25-D327F62E60A7} = {F502475F-4439-47CB-AA96-FA48E3085BBA}
		{BE73B3ED-EF9E-43ED-BA1B-0C2208959EE1} = {F502475F-4439-47CB-AA96-FA48E3085BBA}
		{F0F0C51C-F6A5-8ED5-E07B-23BB77F4B418} = {EC447DCF-ABFA-6E24-52A5-D7FD48A5C558}
		{CC84F8EA-3614-4E25-ACB0-7302C96C7DB9} = {F0F0C51C-F6A5-8ED5-E07B-23BB77F4B418}
		{A424D148-77EF-4D73-A9F7-1F090CA32162} = {F0F0C51C-F6A5-8ED5-E07B-23BB77F4B418}
		{FC0D8A46-3DC7-E91E-C357-28F70C4DB3C6} = {EC447DCF-ABFA-6E24-52A5-D7FD48A5C558}
		{536E3B0F-7C3D-4D8D-BA4C-D24E2857A313} = {FC0D8A46-3DC7-E91E-C357-28F70C4DB3C6}
		{C346115E-DBBA-4206-945C-A0226638F34B} = {FC0D8A46-3DC7-E91E-C357-28F70C4DB3C6}
		{486050DE-C6A4-B1E8-2B12-E91E5BE99E3F} = {EC447DCF-ABFA-6E24-52A5-D7FD48A5C558}
		{611E480C-7BFD-451C-B982-ACCE368892D4} = {486050DE-C6A4-B1E8-2B12-E91E5BE99E3F}
		{46341CFA-E78A-46C4-8045-E4DC048CEE73} = {486050DE-C6A4-B1E8-2B12-E91E5BE99E3F}
		{4F8133DB-A301-0A1E-3DDE-929E67CC9B96} = {EC447DCF-ABFA-6E24-52A5-D7FD48A5C558}
		{EBEE9484-E655-4440-847E-50056C326492} = {4F8133DB-A301-0A1E-3DDE-929E67CC9B96}
		{184024DD-E9B9-4504-AB07-13F71D6D1596} = {4F8133DB-A301-0A1E-3DDE-929E67CC9B96}
		{981C2CF6-E5BB-602A-511C-234B538302B0} = {827E0CD3-B72D-47B6-A68D-7590B98EB39B}
		{BC8BB314-1A4E-4AAE-B000-DB5AB98C1BE1} = {981C2CF6-E5BB-602A-511C-234B538302B0}
		{9C81A6A4-ED22-4234-B1DF-402D08778E88} = {0AB3BF05-4346-4AA6-1389-037BE0695223}
		{A25E68A7-47E7-4F7E-8210-01D129430F4C} = {0AB3BF05-4346-4AA6-1389-037BE0695223}
		{E8FD2897-EE55-46A7-8E00-FFE869DD85F8} = {0AB3BF05-4346-4AA6-1389-037BE0695223}
		{92E02AEA-C3B6-DF9B-BD3C-D94E8423B3BB} = {9123F88B-E531-3118-42D7-ED8CEF4BD00E}
		{5B13ECAA-E455-4D82-827E-B5B4AAFDA8EC} = {92E02AEA-C3B6-DF9B-BD3C-D94E8423B3BB}
	EndGlobalSection
EndGlobal
